
Microsoft Visual Studio Solution File, Format Version 12.00
# Visual Studio Version 16
VisualStudioVersion = 16.0.30804.86
MinimumVisualStudioVersion = 10.0.40219.1
Project("{FAE04EC0-301F-11D3-BF4B-00C04F79EFBC}") = "ClassMetotDemo", "ClassMetotDemo\ClassMetotDemo.csproj", "{8605CE03-DB59-462D-8C3B-E8B4B6D22274}"
EndProject
Global
	GlobalSection(SolutionConfigurationPlatforms) = preSolution
		Debug|Any CPU = Debug|Any CPU
		Release|Any CPU = Release|Any CPU
	EndGlobalSection
	GlobalSection(ProjectConfigurationPlatforms) = postSolution
		{8605CE03-DB59-462D-8C3B-E8B4B6D22274}.Debug|Any CPU.ActiveCfg = Debug|Any CPU
		{8605CE03-DB59-462D-8C3B-E8B4B6D22274}.Debug|Any CPU.Build.0 = Debug|Any CPU
		{8605CE03-DB59-462D-8C3B-E8B4B6D22274}.Release|Any CPU.ActiveCfg = Release|Any CPU
		{8605CE03-DB59-462D-8C3B-E8B4B6D22274}.Release|Any CPU.Build.0 = Release|Any CPU
	EndGlobalSection
	GlobalSection(SolutionProperties) = preSolution
		HideSolutionNode = FALSE
	EndGlobalSection
	GlobalSection(ExtensibilityGlobals) = postSolution
		SolutionGuid = {F7A2F001-3E90-41B6-AB41-3E89C393BEA0}
	EndGlobalSection
EndGlobal
